// !$*UTF8*$!
{
	archiveVersion = 1;
	classes = {
	};
	objectVersion = 52;
	objects = {

/* Begin PBXBuildFile section */
		CE5E481826BE39DE00AB7FC9 /* AppDelegate.swift in Sources */ = {isa = PBXBuildFile; fileRef = CE5E481726BE39DE00AB7FC9 /* AppDelegate.swift */; };
		CE5E481C26BE39DE00AB7FC9 /* HomeViewController.swift in Sources */ = {isa = PBXBuildFile; fileRef = CE5E481B26BE39DE00AB7FC9 /* HomeViewController.swift */; };
		CE5E482126BE39DF00AB7FC9 /* Assets.xcassets in Resources */ = {isa = PBXBuildFile; fileRef = CE5E482026BE39DF00AB7FC9 /* Assets.xcassets */; };
		CE5E482426BE39DF00AB7FC9 /* LaunchScreen.storyboard in Resources */ = {isa = PBXBuildFile; fileRef = CE5E482226BE39DF00AB7FC9 /* LaunchScreen.storyboard */; };
		CE9B02F026BEBCE1007A4928 /* Coordinator.swift in Sources */ = {isa = PBXBuildFile; fileRef = CE9B02EF26BEBCE1007A4928 /* Coordinator.swift */; };
		CE9B02F326BEBD11007A4928 /* Optional+Unwrap.swift in Sources */ = {isa = PBXBuildFile; fileRef = CE9B02F226BEBD11007A4928 /* Optional+Unwrap.swift */; };
		CE9B02F626BEBD6A007A4928 /* Swinject in Frameworks */ = {isa = PBXBuildFile; productRef = CE9B02F526BEBD6A007A4928 /* Swinject */; };
		CE9B02F926BEBDBA007A4928 /* SwinjectAutoregistration in Frameworks */ = {isa = PBXBuildFile; productRef = CE9B02F826BEBDBA007A4928 /* SwinjectAutoregistration */; };
		CE9B02FC26BEBDFD007A4928 /* Injector.swift in Sources */ = {isa = PBXBuildFile; fileRef = CE9B02FB26BEBDFD007A4928 /* Injector.swift */; };
		CE9B02FF26BEBE55007A4928 /* ApplicationCoordinator.swift in Sources */ = {isa = PBXBuildFile; fileRef = CE9B02FE26BEBE55007A4928 /* ApplicationCoordinator.swift */; };
		CE9B030226BEC7F8007A4928 /* TabBarCoordinator.swift in Sources */ = {isa = PBXBuildFile; fileRef = CE9B030126BEC7F8007A4928 /* TabBarCoordinator.swift */; };
		CE9B030426BEC96C007A4928 /* TabBarItem.swift in Sources */ = {isa = PBXBuildFile; fileRef = CE9B030326BEC96C007A4928 /* TabBarItem.swift */; };
		CE9B030826BECEE1007A4928 /* HomeViewController.xib in Resources */ = {isa = PBXBuildFile; fileRef = CE9B030726BECEE1007A4928 /* HomeViewController.xib */; };
		CE9B030B26BECF9A007A4928 /* LikesViewController.swift in Sources */ = {isa = PBXBuildFile; fileRef = CE9B030A26BECF9A007A4928 /* LikesViewController.swift */; };
		CE9B030D26BECFA6007A4928 /* LikesViewController.xib in Resources */ = {isa = PBXBuildFile; fileRef = CE9B030C26BECFA6007A4928 /* LikesViewController.xib */; };
		CE9B030F26BED356007A4928 /* CoordinatorAssembly.swift in Sources */ = {isa = PBXBuildFile; fileRef = CE9B030E26BED356007A4928 /* CoordinatorAssembly.swift */; };
		CE9B031226BEE63F007A4928 /* ImagesRequestDTO.swift in Sources */ = {isa = PBXBuildFile; fileRef = CE9B031126BEE63F007A4928 /* ImagesRequestDTO.swift */; };
		CE9B031526BEE736007A4928 /* Image.swift in Sources */ = {isa = PBXBuildFile; fileRef = CE9B031426BEE736007A4928 /* Image.swift */; };
		CE9B031726BEE788007A4928 /* Url.swift in Sources */ = {isa = PBXBuildFile; fileRef = CE9B031626BEE788007A4928 /* Url.swift */; };
		CE9B031926BEE82C007A4928 /* User.swift in Sources */ = {isa = PBXBuildFile; fileRef = CE9B031826BEE82C007A4928 /* User.swift */; };
		CE9B031B26BEEBC4007A4928 /* UrlConfiguration.swift in Sources */ = {isa = PBXBuildFile; fileRef = CE9B031A26BEEBC4007A4928 /* UrlConfiguration.swift */; };
		CE9B031D26BEEC1A007A4928 /* Endpoint.swift in Sources */ = {isa = PBXBuildFile; fileRef = CE9B031C26BEEC1A007A4928 /* Endpoint.swift */; };
		CE9B031F26BEED88007A4928 /* APIEndpoints.swift in Sources */ = {isa = PBXBuildFile; fileRef = CE9B031E26BEED88007A4928 /* APIEndpoints.swift */; };
		CE9B032126BEF13A007A4928 /* NetworkService.swift in Sources */ = {isa = PBXBuildFile; fileRef = CE9B032026BEF13A007A4928 /* NetworkService.swift */; };
		CE9B032326BEF2DB007A4928 /* DataTransferService.swift in Sources */ = {isa = PBXBuildFile; fileRef = CE9B032226BEF2DB007A4928 /* DataTransferService.swift */; };
		CE9B032626BEF36B007A4928 /* RxSwift in Frameworks */ = {isa = PBXBuildFile; productRef = CE9B032526BEF36B007A4928 /* RxSwift */; };
		CE9B032826BEF36B007A4928 /* RxCocoa in Frameworks */ = {isa = PBXBuildFile; productRef = CE9B032726BEF36B007A4928 /* RxCocoa */; };
		CE9B032A26BEF414007A4928 /* DataService.swift in Sources */ = {isa = PBXBuildFile; fileRef = CE9B032926BEF414007A4928 /* DataService.swift */; };
		CE9B032D26BEF9F3007A4928 /* ImageRepository.swift in Sources */ = {isa = PBXBuildFile; fileRef = CE9B032C26BEF9F3007A4928 /* ImageRepository.swift */; };
		CE9B032F26BF1098007A4928 /* ImageResponseDTO.swift in Sources */ = {isa = PBXBuildFile; fileRef = CE9B032E26BF1098007A4928 /* ImageResponseDTO.swift */; };
		CE9B033126BF148E007A4928 /* NetworkConfigurable.swift in Sources */ = {isa = PBXBuildFile; fileRef = CE9B033026BF148E007A4928 /* NetworkConfigurable.swift */; };
		CE9B033426BF2812007A4928 /* HomeFetcher.swift in Sources */ = {isa = PBXBuildFile; fileRef = CE9B033326BF2812007A4928 /* HomeFetcher.swift */; };
		CE9B033626BF28BE007A4928 /* HomeViewModel.swift in Sources */ = {isa = PBXBuildFile; fileRef = CE9B033526BF28BE007A4928 /* HomeViewModel.swift */; };
		CE9B033826BF2C7C007A4928 /* ViewModelAssembly.swift in Sources */ = {isa = PBXBuildFile; fileRef = CE9B033726BF2C7C007A4928 /* ViewModelAssembly.swift */; };
		CE9B033A26BF2D9C007A4928 /* ViewControllerAssembly.swift in Sources */ = {isa = PBXBuildFile; fileRef = CE9B033926BF2D9C007A4928 /* ViewControllerAssembly.swift */; };
		CE9B033C26BF3029007A4928 /* NetworkAssembly.swift in Sources */ = {isa = PBXBuildFile; fileRef = CE9B033B26BF3029007A4928 /* NetworkAssembly.swift */; };
		CE9B033E26BF3093007A4928 /* FetcherAssembly.swift in Sources */ = {isa = PBXBuildFile; fileRef = CE9B033D26BF3093007A4928 /* FetcherAssembly.swift */; };
		CE9B034026BF30BB007A4928 /* RepositoryAssembler.swift in Sources */ = {isa = PBXBuildFile; fileRef = CE9B033F26BF30BB007A4928 /* RepositoryAssembler.swift */; };
		CE9B034526BF7A74007A4928 /* Section.swift in Sources */ = {isa = PBXBuildFile; fileRef = CE9B034426BF7A74007A4928 /* Section.swift */; };
		CE9B034D26BF7C74007A4928 /* ImageCollectionViewCell.swift in Sources */ = {isa = PBXBuildFile; fileRef = CE9B034C26BF7C74007A4928 /* ImageCollectionViewCell.swift */; };
		CE9B034F26BF7C87007A4928 /* ImageCellViewModel.swift in Sources */ = {isa = PBXBuildFile; fileRef = CE9B034E26BF7C87007A4928 /* ImageCellViewModel.swift */; };
		CE9B035126BF7CC4007A4928 /* Cell.swift in Sources */ = {isa = PBXBuildFile; fileRef = CE9B035026BF7CC4007A4928 /* Cell.swift */; };
		CE9B035326BF7E50007A4928 /* HomeSection.swift in Sources */ = {isa = PBXBuildFile; fileRef = CE9B035226BF7E50007A4928 /* HomeSection.swift */; };
		CE9B035526BF8140007A4928 /* DataSource.swift in Sources */ = {isa = PBXBuildFile; fileRef = CE9B035426BF8140007A4928 /* DataSource.swift */; };
		CEA7778C26C036B80003D821 /* Kingfisher in Frameworks */ = {isa = PBXBuildFile; productRef = CEA7778B26C036B80003D821 /* Kingfisher */; };
		CEA7778E26C0373D0003D821 /* UIImageView+Fetch.swift in Sources */ = {isa = PBXBuildFile; fileRef = CEA7778D26C0373D0003D821 /* UIImageView+Fetch.swift */; };
		CEA7779026C042F80003D821 /* UILabel+Shadow.swift in Sources */ = {isa = PBXBuildFile; fileRef = CEA7778F26C042F80003D821 /* UILabel+Shadow.swift */; };
		CEA7779326C06BA40003D821 /* LoadingCollectionViewCell.swift in Sources */ = {isa = PBXBuildFile; fileRef = CEA7779226C06BA40003D821 /* LoadingCollectionViewCell.swift */; };
		CEA7779526C06CD30003D821 /* HomeSectionViewModel.swift in Sources */ = {isa = PBXBuildFile; fileRef = CEA7779426C06CD30003D821 /* HomeSectionViewModel.swift */; };
		CEA7779926C06D2E0003D821 /* HomeSectionFactory.swift in Sources */ = {isa = PBXBuildFile; fileRef = CEA7779826C06D2E0003D821 /* HomeSectionFactory.swift */; };
		CEA7779B26C06D590003D821 /* HomeSectionProvider.swift in Sources */ = {isa = PBXBuildFile; fileRef = CEA7779A26C06D590003D821 /* HomeSectionProvider.swift */; };
		CEA7779D26C06DBB0003D821 /* ListCellConfigurator.swift in Sources */ = {isa = PBXBuildFile; fileRef = CEA7779C26C06DBB0003D821 /* ListCellConfigurator.swift */; };
		CEA7779F26C070820003D821 /* LoadingCellViewModel.swift in Sources */ = {isa = PBXBuildFile; fileRef = CEA7779E26C070820003D821 /* LoadingCellViewModel.swift */; };
		CEA777A226C074D40003D821 /* Paginator.swift in Sources */ = {isa = PBXBuildFile; fileRef = CEA777A126C074D40003D821 /* Paginator.swift */; };
		CEA777A426C075940003D821 /* PaginatorState.swift in Sources */ = {isa = PBXBuildFile; fileRef = CEA777A326C075940003D821 /* PaginatorState.swift */; };
		CEA777A626C076B10003D821 /* ObservableType+Void.swift in Sources */ = {isa = PBXBuildFile; fileRef = CEA777A526C076B10003D821 /* ObservableType+Void.swift */; };
		CEA777A826C07E330003D821 /* UIScrollView+Distance.swift in Sources */ = {isa = PBXBuildFile; fileRef = CEA777A726C07E330003D821 /* UIScrollView+Distance.swift */; };
		CEA777AA26C092650003D821 /* UIResponder+Extension.swift in Sources */ = {isa = PBXBuildFile; fileRef = CEA777A926C092650003D821 /* UIResponder+Extension.swift */; };
		CEA777AE26C0981D0003D821 /* Images.xcdatamodeld in Sources */ = {isa = PBXBuildFile; fileRef = CEA777AC26C0981D0003D821 /* Images.xcdatamodeld */; };
		CEA777B026C09A610003D821 /* DataEngine.swift in Sources */ = {isa = PBXBuildFile; fileRef = CEA777AF26C09A610003D821 /* DataEngine.swift */; };
/* End PBXBuildFile section */

/* Begin PBXFileReference section */
		CE5E481426BE39DE00AB7FC9 /* imgapp.app */ = {isa = PBXFileReference; explicitFileType = wrapper.application; includeInIndex = 0; path = imgapp.app; sourceTree = BUILT_PRODUCTS_DIR; };
		CE5E481726BE39DE00AB7FC9 /* AppDelegate.swift */ = {isa = PBXFileReference; lastKnownFileType = sourcecode.swift; path = AppDelegate.swift; sourceTree = "<group>"; };
		CE5E481B26BE39DE00AB7FC9 /* HomeViewController.swift */ = {isa = PBXFileReference; lastKnownFileType = sourcecode.swift; path = HomeViewController.swift; sourceTree = "<group>"; };
		CE5E482026BE39DF00AB7FC9 /* Assets.xcassets */ = {isa = PBXFileReference; lastKnownFileType = folder.assetcatalog; path = Assets.xcassets; sourceTree = "<group>"; };
		CE5E482326BE39DF00AB7FC9 /* Base */ = {isa = PBXFileReference; lastKnownFileType = file.storyboard; name = Base; path = Base.lproj/LaunchScreen.storyboard; sourceTree = "<group>"; };
		CE5E482526BE39DF00AB7FC9 /* Info.plist */ = {isa = PBXFileReference; lastKnownFileType = text.plist.xml; path = Info.plist; sourceTree = "<group>"; };
		CE9B02EF26BEBCE1007A4928 /* Coordinator.swift */ = {isa = PBXFileReference; lastKnownFileType = sourcecode.swift; path = Coordinator.swift; sourceTree = "<group>"; };
		CE9B02F226BEBD11007A4928 /* Optional+Unwrap.swift */ = {isa = PBXFileReference; lastKnownFileType = sourcecode.swift; path = "Optional+Unwrap.swift"; sourceTree = "<group>"; };
		CE9B02FB26BEBDFD007A4928 /* Injector.swift */ = {isa = PBXFileReference; lastKnownFileType = sourcecode.swift; path = Injector.swift; sourceTree = "<group>"; };
		CE9B02FE26BEBE55007A4928 /* ApplicationCoordinator.swift */ = {isa = PBXFileReference; lastKnownFileType = sourcecode.swift; path = ApplicationCoordinator.swift; sourceTree = "<group>"; };
		CE9B030126BEC7F8007A4928 /* TabBarCoordinator.swift */ = {isa = PBXFileReference; lastKnownFileType = sourcecode.swift; path = TabBarCoordinator.swift; sourceTree = "<group>"; };
		CE9B030326BEC96C007A4928 /* TabBarItem.swift */ = {isa = PBXFileReference; lastKnownFileType = sourcecode.swift; path = TabBarItem.swift; sourceTree = "<group>"; };
		CE9B030726BECEE1007A4928 /* HomeViewController.xib */ = {isa = PBXFileReference; lastKnownFileType = file.xib; path = HomeViewController.xib; sourceTree = "<group>"; };
		CE9B030A26BECF9A007A4928 /* LikesViewController.swift */ = {isa = PBXFileReference; lastKnownFileType = sourcecode.swift; path = LikesViewController.swift; sourceTree = "<group>"; };
		CE9B030C26BECFA6007A4928 /* LikesViewController.xib */ = {isa = PBXFileReference; lastKnownFileType = file.xib; path = LikesViewController.xib; sourceTree = "<group>"; };
		CE9B030E26BED356007A4928 /* CoordinatorAssembly.swift */ = {isa = PBXFileReference; lastKnownFileType = sourcecode.swift; path = CoordinatorAssembly.swift; sourceTree = "<group>"; };
		CE9B031126BEE63F007A4928 /* ImagesRequestDTO.swift */ = {isa = PBXFileReference; lastKnownFileType = sourcecode.swift; path = ImagesRequestDTO.swift; sourceTree = "<group>"; };
		CE9B031426BEE736007A4928 /* Image.swift */ = {isa = PBXFileReference; lastKnownFileType = sourcecode.swift; path = Image.swift; sourceTree = "<group>"; };
		CE9B031626BEE788007A4928 /* Url.swift */ = {isa = PBXFileReference; lastKnownFileType = sourcecode.swift; path = Url.swift; sourceTree = "<group>"; };
		CE9B031826BEE82C007A4928 /* User.swift */ = {isa = PBXFileReference; lastKnownFileType = sourcecode.swift; path = User.swift; sourceTree = "<group>"; };
		CE9B031A26BEEBC4007A4928 /* UrlConfiguration.swift */ = {isa = PBXFileReference; lastKnownFileType = sourcecode.swift; path = UrlConfiguration.swift; sourceTree = "<group>"; };
		CE9B031C26BEEC1A007A4928 /* Endpoint.swift */ = {isa = PBXFileReference; lastKnownFileType = sourcecode.swift; path = Endpoint.swift; sourceTree = "<group>"; };
		CE9B031E26BEED88007A4928 /* APIEndpoints.swift */ = {isa = PBXFileReference; lastKnownFileType = sourcecode.swift; path = APIEndpoints.swift; sourceTree = "<group>"; };
		CE9B032026BEF13A007A4928 /* NetworkService.swift */ = {isa = PBXFileReference; lastKnownFileType = sourcecode.swift; path = NetworkService.swift; sourceTree = "<group>"; };
		CE9B032226BEF2DB007A4928 /* DataTransferService.swift */ = {isa = PBXFileReference; lastKnownFileType = sourcecode.swift; path = DataTransferService.swift; sourceTree = "<group>"; };
		CE9B032926BEF414007A4928 /* DataService.swift */ = {isa = PBXFileReference; lastKnownFileType = sourcecode.swift; path = DataService.swift; sourceTree = "<group>"; };
		CE9B032C26BEF9F3007A4928 /* ImageRepository.swift */ = {isa = PBXFileReference; lastKnownFileType = sourcecode.swift; path = ImageRepository.swift; sourceTree = "<group>"; };
		CE9B032E26BF1098007A4928 /* ImageResponseDTO.swift */ = {isa = PBXFileReference; lastKnownFileType = sourcecode.swift; path = ImageResponseDTO.swift; sourceTree = "<group>"; };
		CE9B033026BF148E007A4928 /* NetworkConfigurable.swift */ = {isa = PBXFileReference; lastKnownFileType = sourcecode.swift; path = NetworkConfigurable.swift; sourceTree = "<group>"; };
		CE9B033326BF2812007A4928 /* HomeFetcher.swift */ = {isa = PBXFileReference; lastKnownFileType = sourcecode.swift; path = HomeFetcher.swift; sourceTree = "<group>"; };
		CE9B033526BF28BE007A4928 /* HomeViewModel.swift */ = {isa = PBXFileReference; lastKnownFileType = sourcecode.swift; path = HomeViewModel.swift; sourceTree = "<group>"; };
		CE9B033726BF2C7C007A4928 /* ViewModelAssembly.swift */ = {isa = PBXFileReference; lastKnownFileType = sourcecode.swift; path = ViewModelAssembly.swift; sourceTree = "<group>"; };
		CE9B033926BF2D9C007A4928 /* ViewControllerAssembly.swift */ = {isa = PBXFileReference; lastKnownFileType = sourcecode.swift; path = ViewControllerAssembly.swift; sourceTree = "<group>"; };
		CE9B033B26BF3029007A4928 /* NetworkAssembly.swift */ = {isa = PBXFileReference; lastKnownFileType = sourcecode.swift; path = NetworkAssembly.swift; sourceTree = "<group>"; };
		CE9B033D26BF3093007A4928 /* FetcherAssembly.swift */ = {isa = PBXFileReference; lastKnownFileType = sourcecode.swift; path = FetcherAssembly.swift; sourceTree = "<group>"; };
		CE9B033F26BF30BB007A4928 /* RepositoryAssembler.swift */ = {isa = PBXFileReference; lastKnownFileType = sourcecode.swift; path = RepositoryAssembler.swift; sourceTree = "<group>"; };
		CE9B034426BF7A74007A4928 /* Section.swift */ = {isa = PBXFileReference; lastKnownFileType = sourcecode.swift; path = Section.swift; sourceTree = "<group>"; };
		CE9B034C26BF7C74007A4928 /* ImageCollectionViewCell.swift */ = {isa = PBXFileReference; lastKnownFileType = sourcecode.swift; path = ImageCollectionViewCell.swift; sourceTree = "<group>"; };
		CE9B034E26BF7C87007A4928 /* ImageCellViewModel.swift */ = {isa = PBXFileReference; lastKnownFileType = sourcecode.swift; path = ImageCellViewModel.swift; sourceTree = "<group>"; };
		CE9B035026BF7CC4007A4928 /* Cell.swift */ = {isa = PBXFileReference; lastKnownFileType = sourcecode.swift; path = Cell.swift; sourceTree = "<group>"; };
		CE9B035226BF7E50007A4928 /* HomeSection.swift */ = {isa = PBXFileReference; lastKnownFileType = sourcecode.swift; path = HomeSection.swift; sourceTree = "<group>"; };
		CE9B035426BF8140007A4928 /* DataSource.swift */ = {isa = PBXFileReference; lastKnownFileType = sourcecode.swift; path = DataSource.swift; sourceTree = "<group>"; };
		CEA7778D26C0373D0003D821 /* UIImageView+Fetch.swift */ = {isa = PBXFileReference; lastKnownFileType = sourcecode.swift; path = "UIImageView+Fetch.swift"; sourceTree = "<group>"; };
		CEA7778F26C042F80003D821 /* UILabel+Shadow.swift */ = {isa = PBXFileReference; lastKnownFileType = sourcecode.swift; path = "UILabel+Shadow.swift"; sourceTree = "<group>"; };
		CEA7779226C06BA40003D821 /* LoadingCollectionViewCell.swift */ = {isa = PBXFileReference; lastKnownFileType = sourcecode.swift; path = LoadingCollectionViewCell.swift; sourceTree = "<group>"; };
		CEA7779426C06CD30003D821 /* HomeSectionViewModel.swift */ = {isa = PBXFileReference; lastKnownFileType = sourcecode.swift; path = HomeSectionViewModel.swift; sourceTree = "<group>"; };
		CEA7779826C06D2E0003D821 /* HomeSectionFactory.swift */ = {isa = PBXFileReference; lastKnownFileType = sourcecode.swift; path = HomeSectionFactory.swift; sourceTree = "<group>"; };
		CEA7779A26C06D590003D821 /* HomeSectionProvider.swift */ = {isa = PBXFileReference; lastKnownFileType = sourcecode.swift; path = HomeSectionProvider.swift; sourceTree = "<group>"; };
		CEA7779C26C06DBB0003D821 /* ListCellConfigurator.swift */ = {isa = PBXFileReference; lastKnownFileType = sourcecode.swift; path = ListCellConfigurator.swift; sourceTree = "<group>"; };
		CEA7779E26C070820003D821 /* LoadingCellViewModel.swift */ = {isa = PBXFileReference; lastKnownFileType = sourcecode.swift; path = LoadingCellViewModel.swift; sourceTree = "<group>"; };
		CEA777A126C074D40003D821 /* Paginator.swift */ = {isa = PBXFileReference; lastKnownFileType = sourcecode.swift; path = Paginator.swift; sourceTree = "<group>"; };
		CEA777A326C075940003D821 /* PaginatorState.swift */ = {isa = PBXFileReference; lastKnownFileType = sourcecode.swift; path = PaginatorState.swift; sourceTree = "<group>"; };
		CEA777A526C076B10003D821 /* ObservableType+Void.swift */ = {isa = PBXFileReference; lastKnownFileType = sourcecode.swift; path = "ObservableType+Void.swift"; sourceTree = "<group>"; };
		CEA777A726C07E330003D821 /* UIScrollView+Distance.swift */ = {isa = PBXFileReference; lastKnownFileType = sourcecode.swift; path = "UIScrollView+Distance.swift"; sourceTree = "<group>"; };
		CEA777A926C092650003D821 /* UIResponder+Extension.swift */ = {isa = PBXFileReference; lastKnownFileType = sourcecode.swift; path = "UIResponder+Extension.swift"; sourceTree = "<group>"; };
		CEA777AD26C0981D0003D821 /* Images.xcdatamodel */ = {isa = PBXFileReference; lastKnownFileType = wrapper.xcdatamodel; path = Images.xcdatamodel; sourceTree = "<group>"; };
		CEA777AF26C09A610003D821 /* DataEngine.swift */ = {isa = PBXFileReference; lastKnownFileType = sourcecode.swift; path = DataEngine.swift; sourceTree = "<group>"; };
/* End PBXFileReference section */

/* Begin PBXFrameworksBuildPhase section */
		CE5E481126BE39DE00AB7FC9 /* Frameworks */ = {
			isa = PBXFrameworksBuildPhase;
			buildActionMask = 2147483647;
			files = (
				CEA7778C26C036B80003D821 /* Kingfisher in Frameworks */,
				CE9B032626BEF36B007A4928 /* RxSwift in Frameworks */,
				CE9B02F626BEBD6A007A4928 /* Swinject in Frameworks */,
				CE9B032826BEF36B007A4928 /* RxCocoa in Frameworks */,
				CE9B02F926BEBDBA007A4928 /* SwinjectAutoregistration in Frameworks */,
			);
			runOnlyForDeploymentPostprocessing = 0;
		};
/* End PBXFrameworksBuildPhase section */

/* Begin PBXGroup section */
		CE5E480B26BE39DE00AB7FC9 = {
			isa = PBXGroup;
			children = (
				CE5E481626BE39DE00AB7FC9 /* Sources */,
				CE5E481526BE39DE00AB7FC9 /* Products */,
			);
			sourceTree = "<group>";
		};
		CE5E481526BE39DE00AB7FC9 /* Products */ = {
			isa = PBXGroup;
			children = (
				CE5E481426BE39DE00AB7FC9 /* imgapp.app */,
			);
			name = Products;
			sourceTree = "<group>";
		};
		CE5E481626BE39DE00AB7FC9 /* Sources */ = {
			isa = PBXGroup;
			children = (
				CEA777AB26C096020003D821 /* Persistency */,
				CE9B02EC26BEB956007A4928 /* Navigation */,
				CE9B02EB26BEB951007A4928 /* Features */,
				CE9B02EA26BEB949007A4928 /* Network */,
				CE9B02E926BEB942007A4928 /* Library */,
				CE9B02E826BEB937007A4928 /* Resources */,
				CE9B02E726BEB92D007A4928 /* Supporting Files */,
			);
			path = Sources;
			sourceTree = "<group>";
		};
		CE9B02E726BEB92D007A4928 /* Supporting Files */ = {
			isa = PBXGroup;
			children = (
				CE5E481726BE39DE00AB7FC9 /* AppDelegate.swift */,
				CE5E482226BE39DF00AB7FC9 /* LaunchScreen.storyboard */,
				CE5E482526BE39DF00AB7FC9 /* Info.plist */,
			);
			path = "Supporting Files";
			sourceTree = "<group>";
		};
		CE9B02E826BEB937007A4928 /* Resources */ = {
			isa = PBXGroup;
			children = (
				CE9B02ED26BEB98F007A4928 /* Images */,
			);
			path = Resources;
			sourceTree = "<group>";
		};
		CE9B02E926BEB942007A4928 /* Library */ = {
			isa = PBXGroup;
			children = (
				CEA777A026C074C80003D821 /* Utils */,
				CE9B02FA26BEBDCE007A4928 /* Dependencies */,
				CE9B02EE26BEBCCF007A4928 /* Protocols */,
				CE9B02F126BEBCF0007A4928 /* Extensions */,
			);
			path = Library;
			sourceTree = "<group>";
		};
		CE9B02EA26BEB949007A4928 /* Network */ = {
			isa = PBXGroup;
			children = (
				CE9B031026BEE624007A4928 /* Data Mapping */,
				CE9B031A26BEEBC4007A4928 /* UrlConfiguration.swift */,
				CE9B031C26BEEC1A007A4928 /* Endpoint.swift */,
				CE9B031E26BEED88007A4928 /* APIEndpoints.swift */,
				CE9B032026BEF13A007A4928 /* NetworkService.swift */,
				CE9B032226BEF2DB007A4928 /* DataTransferService.swift */,
				CE9B032926BEF414007A4928 /* DataService.swift */,
				CE9B033026BF148E007A4928 /* NetworkConfigurable.swift */,
			);
			path = Network;
			sourceTree = "<group>";
		};
		CE9B02EB26BEB951007A4928 /* Features */ = {
			isa = PBXGroup;
			children = (
				CE9B035626BF981C007A4928 /* Factory */,
				CE9B034626BF7AA0007A4928 /* Sections */,
				CE9B033226BF27EF007A4928 /* Services */,
				CE9B032B26BEF9D9007A4928 /* Repositories */,
				CE9B031326BEE71E007A4928 /* Models */,
				CE9B030526BECEC7007A4928 /* ViewControllers */,
				CE9B034926BF7C49007A4928 /* Views */,
			);
			path = Features;
			sourceTree = "<group>";
		};
		CE9B02EC26BEB956007A4928 /* Navigation */ = {
			isa = PBXGroup;
			children = (
				CE9B02FE26BEBE55007A4928 /* ApplicationCoordinator.swift */,
				CE9B030126BEC7F8007A4928 /* TabBarCoordinator.swift */,
				CE9B030326BEC96C007A4928 /* TabBarItem.swift */,
			);
			path = Navigation;
			sourceTree = "<group>";
		};
		CE9B02ED26BEB98F007A4928 /* Images */ = {
			isa = PBXGroup;
			children = (
				CE5E482026BE39DF00AB7FC9 /* Assets.xcassets */,
			);
			path = Images;
			sourceTree = "<group>";
		};
		CE9B02EE26BEBCCF007A4928 /* Protocols */ = {
			isa = PBXGroup;
			children = (
				CE9B02EF26BEBCE1007A4928 /* Coordinator.swift */,
			);
			path = Protocols;
			sourceTree = "<group>";
		};
		CE9B02F126BEBCF0007A4928 /* Extensions */ = {
			isa = PBXGroup;
			children = (
				CE9B02F226BEBD11007A4928 /* Optional+Unwrap.swift */,
				CEA7778D26C0373D0003D821 /* UIImageView+Fetch.swift */,
				CEA7778F26C042F80003D821 /* UILabel+Shadow.swift */,
				CEA777A526C076B10003D821 /* ObservableType+Void.swift */,
				CEA777A726C07E330003D821 /* UIScrollView+Distance.swift */,
				CEA777A926C092650003D821 /* UIResponder+Extension.swift */,
			);
			path = Extensions;
			sourceTree = "<group>";
		};
		CE9B02FA26BEBDCE007A4928 /* Dependencies */ = {
			isa = PBXGroup;
			children = (
				CE9B02FD26BEBE37007A4928 /* Assembler */,
				CE9B02FB26BEBDFD007A4928 /* Injector.swift */,
			);
			path = Dependencies;
			sourceTree = "<group>";
		};
		CE9B02FD26BEBE37007A4928 /* Assembler */ = {
			isa = PBXGroup;
			children = (
				CE9B030E26BED356007A4928 /* CoordinatorAssembly.swift */,
				CE9B033726BF2C7C007A4928 /* ViewModelAssembly.swift */,
				CE9B033926BF2D9C007A4928 /* ViewControllerAssembly.swift */,
				CE9B033B26BF3029007A4928 /* NetworkAssembly.swift */,
				CE9B033D26BF3093007A4928 /* FetcherAssembly.swift */,
				CE9B033F26BF30BB007A4928 /* RepositoryAssembler.swift */,
			);
			path = Assembler;
			sourceTree = "<group>";
		};
		CE9B030526BECEC7007A4928 /* ViewControllers */ = {
			isa = PBXGroup;
			children = (
				CE9B030926BECF7C007A4928 /* LikesViewController */,
				CE9B030626BECED1007A4928 /* HomeViewController */,
			);
			path = ViewControllers;
			sourceTree = "<group>";
		};
		CE9B030626BECED1007A4928 /* HomeViewController */ = {
			isa = PBXGroup;
			children = (
				CE9B033526BF28BE007A4928 /* HomeViewModel.swift */,
				CE5E481B26BE39DE00AB7FC9 /* HomeViewController.swift */,
				CE9B030726BECEE1007A4928 /* HomeViewController.xib */,
			);
			path = HomeViewController;
			sourceTree = "<group>";
		};
		CE9B030926BECF7C007A4928 /* LikesViewController */ = {
			isa = PBXGroup;
			children = (
				CE9B030A26BECF9A007A4928 /* LikesViewController.swift */,
				CE9B030C26BECFA6007A4928 /* LikesViewController.xib */,
			);
			path = LikesViewController;
			sourceTree = "<group>";
		};
		CE9B031026BEE624007A4928 /* Data Mapping */ = {
			isa = PBXGroup;
			children = (
				CE9B031126BEE63F007A4928 /* ImagesRequestDTO.swift */,
				CE9B032E26BF1098007A4928 /* ImageResponseDTO.swift */,
			);
			path = "Data Mapping";
			sourceTree = "<group>";
		};
		CE9B031326BEE71E007A4928 /* Models */ = {
			isa = PBXGroup;
			children = (
				CE9B031426BEE736007A4928 /* Image.swift */,
				CE9B031626BEE788007A4928 /* Url.swift */,
				CE9B031826BEE82C007A4928 /* User.swift */,
			);
			path = Models;
			sourceTree = "<group>";
		};
		CE9B032B26BEF9D9007A4928 /* Repositories */ = {
			isa = PBXGroup;
			children = (
				CE9B032C26BEF9F3007A4928 /* ImageRepository.swift */,
			);
			path = Repositories;
			sourceTree = "<group>";
		};
		CE9B033226BF27EF007A4928 /* Services */ = {
			isa = PBXGroup;
			children = (
				CEA7779A26C06D590003D821 /* HomeSectionProvider.swift */,
				CEA7779C26C06DBB0003D821 /* ListCellConfigurator.swift */,
				CE9B035426BF8140007A4928 /* DataSource.swift */,
				CE9B033326BF2812007A4928 /* HomeFetcher.swift */,
			);
			path = Services;
			sourceTree = "<group>";
		};
		CE9B034626BF7AA0007A4928 /* Sections */ = {
			isa = PBXGroup;
			children = (
				CEA7779726C06D000003D821 /* HomeSection */,
				CE9B034426BF7A74007A4928 /* Section.swift */,
				CE9B035026BF7CC4007A4928 /* Cell.swift */,
			);
			path = Sections;
			sourceTree = "<group>";
		};
		CE9B034926BF7C49007A4928 /* Views */ = {
			isa = PBXGroup;
			children = (
				CE9B034A26BF7C50007A4928 /* Cells */,
			);
			path = Views;
			sourceTree = "<group>";
		};
		CE9B034A26BF7C50007A4928 /* Cells */ = {
			isa = PBXGroup;
			children = (
				CEA7779126C06B7E0003D821 /* LoadingCell */,
				CE9B034B26BF7C57007A4928 /* ImageCell */,
			);
			path = Cells;
			sourceTree = "<group>";
		};
		CE9B034B26BF7C57007A4928 /* ImageCell */ = {
			isa = PBXGroup;
			children = (
				CE9B034C26BF7C74007A4928 /* ImageCollectionViewCell.swift */,
				CE9B034E26BF7C87007A4928 /* ImageCellViewModel.swift */,
			);
			path = ImageCell;
			sourceTree = "<group>";
		};
		CE9B035626BF981C007A4928 /* Factory */ = {
			isa = PBXGroup;
			children = (
				CEA7779826C06D2E0003D821 /* HomeSectionFactory.swift */,
			);
			path = Factory;
			sourceTree = "<group>";
		};
		CEA7779126C06B7E0003D821 /* LoadingCell */ = {
			isa = PBXGroup;
			children = (
				CEA7779226C06BA40003D821 /* LoadingCollectionViewCell.swift */,
				CEA7779E26C070820003D821 /* LoadingCellViewModel.swift */,
			);
			path = LoadingCell;
			sourceTree = "<group>";
		};
		CEA7779726C06D000003D821 /* HomeSection */ = {
			isa = PBXGroup;
			children = (
				CE9B035226BF7E50007A4928 /* HomeSection.swift */,
				CEA7779426C06CD30003D821 /* HomeSectionViewModel.swift */,
			);
			path = HomeSection;
			sourceTree = "<group>";
		};
		CEA777A026C074C80003D821 /* Utils */ = {
			isa = PBXGroup;
			children = (
				CEA777A126C074D40003D821 /* Paginator.swift */,
				CEA777A326C075940003D821 /* PaginatorState.swift */,
			);
			path = Utils;
			sourceTree = "<group>";
		};
		CEA777AB26C096020003D821 /* Persistency */ = {
			isa = PBXGroup;
			children = (
				CEA777AC26C0981D0003D821 /* Images.xcdatamodeld */,
				CEA777AF26C09A610003D821 /* DataEngine.swift */,
			);
			path = Persistency;
			sourceTree = "<group>";
		};
/* End PBXGroup section */

/* Begin PBXNativeTarget section */
		CE5E481326BE39DE00AB7FC9 /* imgapp */ = {
			isa = PBXNativeTarget;
			buildConfigurationList = CE5E482826BE39DF00AB7FC9 /* Build configuration list for PBXNativeTarget "imgapp" */;
			buildPhases = (
				CE5E481026BE39DE00AB7FC9 /* Sources */,
				CE5E481126BE39DE00AB7FC9 /* Frameworks */,
				CE5E481226BE39DE00AB7FC9 /* Resources */,
			);
			buildRules = (
			);
			dependencies = (
			);
			name = imgapp;
			packageProductDependencies = (
				CE9B02F526BEBD6A007A4928 /* Swinject */,
				CE9B02F826BEBDBA007A4928 /* SwinjectAutoregistration */,
				CE9B032526BEF36B007A4928 /* RxSwift */,
				CE9B032726BEF36B007A4928 /* RxCocoa */,
				CEA7778B26C036B80003D821 /* Kingfisher */,
			);
			productName = imgapp;
			productReference = CE5E481426BE39DE00AB7FC9 /* imgapp.app */;
			productType = "com.apple.product-type.application";
		};
/* End PBXNativeTarget section */

/* Begin PBXProject section */
		CE5E480C26BE39DE00AB7FC9 /* Project object */ = {
			isa = PBXProject;
			attributes = {
				LastSwiftUpdateCheck = 1250;
				LastUpgradeCheck = 1250;
				TargetAttributes = {
					CE5E481326BE39DE00AB7FC9 = {
						CreatedOnToolsVersion = 12.5.1;
					};
				};
			};
			buildConfigurationList = CE5E480F26BE39DE00AB7FC9 /* Build configuration list for PBXProject "imgapp" */;
			compatibilityVersion = "Xcode 9.3";
			developmentRegion = en;
			hasScannedForEncodings = 0;
			knownRegions = (
				en,
				Base,
			);
			mainGroup = CE5E480B26BE39DE00AB7FC9;
			packageReferences = (
				CE9B02F426BEBD6A007A4928 /* XCRemoteSwiftPackageReference "Swinject" */,
				CE9B02F726BEBDBA007A4928 /* XCRemoteSwiftPackageReference "SwinjectAutoregistration" */,
				CE9B032426BEF36B007A4928 /* XCRemoteSwiftPackageReference "RxSwift" */,
				CEA7778A26C036B80003D821 /* XCRemoteSwiftPackageReference "Kingfisher" */,
			);
			productRefGroup = CE5E481526BE39DE00AB7FC9 /* Products */;
			projectDirPath = "";
			projectRoot = "";
			targets = (
				CE5E481326BE39DE00AB7FC9 /* imgapp */,
			);
		};
/* End PBXProject section */

/* Begin PBXResourcesBuildPhase section */
		CE5E481226BE39DE00AB7FC9 /* Resources */ = {
			isa = PBXResourcesBuildPhase;
			buildActionMask = 2147483647;
			files = (
				CE5E482426BE39DF00AB7FC9 /* LaunchScreen.storyboard in Resources */,
				CE5E482126BE39DF00AB7FC9 /* Assets.xcassets in Resources */,
				CE9B030826BECEE1007A4928 /* HomeViewController.xib in Resources */,
				CE9B030D26BECFA6007A4928 /* LikesViewController.xib in Resources */,
			);
			runOnlyForDeploymentPostprocessing = 0;
		};
/* End PBXResourcesBuildPhase section */

/* Begin PBXSourcesBuildPhase section */
		CE5E481026BE39DE00AB7FC9 /* Sources */ = {
			isa = PBXSourcesBuildPhase;
			buildActionMask = 2147483647;
			files = (
				CE9B02FC26BEBDFD007A4928 /* Injector.swift in Sources */,
				CE9B031B26BEEBC4007A4928 /* UrlConfiguration.swift in Sources */,
				CE9B035126BF7CC4007A4928 /* Cell.swift in Sources */,
				CE9B033A26BF2D9C007A4928 /* ViewControllerAssembly.swift in Sources */,
				CEA777A826C07E330003D821 /* UIScrollView+Distance.swift in Sources */,
				CE9B033826BF2C7C007A4928 /* ViewModelAssembly.swift in Sources */,
				CE9B034026BF30BB007A4928 /* RepositoryAssembler.swift in Sources */,
				CEA777AE26C0981D0003D821 /* Images.xcdatamodeld in Sources */,
				CEA7779026C042F80003D821 /* UILabel+Shadow.swift in Sources */,
				CEA777AA26C092650003D821 /* UIResponder+Extension.swift in Sources */,
				CEA7779B26C06D590003D821 /* HomeSectionProvider.swift in Sources */,
				CEA7779526C06CD30003D821 /* HomeSectionViewModel.swift in Sources */,
				CE9B031526BEE736007A4928 /* Image.swift in Sources */,
				CE9B035326BF7E50007A4928 /* HomeSection.swift in Sources */,
				CE9B034F26BF7C87007A4928 /* ImageCellViewModel.swift in Sources */,
				CEA777A626C076B10003D821 /* ObservableType+Void.swift in Sources */,
				CEA7779926C06D2E0003D821 /* HomeSectionFactory.swift in Sources */,
				CE9B033626BF28BE007A4928 /* HomeViewModel.swift in Sources */,
				CE5E481C26BE39DE00AB7FC9 /* HomeViewController.swift in Sources */,
				CE9B032126BEF13A007A4928 /* NetworkService.swift in Sources */,
				CE9B034526BF7A74007A4928 /* Section.swift in Sources */,
				CE9B030F26BED356007A4928 /* CoordinatorAssembly.swift in Sources */,
				CEA7778E26C0373D0003D821 /* UIImageView+Fetch.swift in Sources */,
				CE9B033426BF2812007A4928 /* HomeFetcher.swift in Sources */,
				CE9B034D26BF7C74007A4928 /* ImageCollectionViewCell.swift in Sources */,
				CE5E481826BE39DE00AB7FC9 /* AppDelegate.swift in Sources */,
				CE9B032326BEF2DB007A4928 /* DataTransferService.swift in Sources */,
				CE9B033126BF148E007A4928 /* NetworkConfigurable.swift in Sources */,
				CE9B031726BEE788007A4928 /* Url.swift in Sources */,
				CE9B031926BEE82C007A4928 /* User.swift in Sources */,
				CE9B030226BEC7F8007A4928 /* TabBarCoordinator.swift in Sources */,
				CEA7779F26C070820003D821 /* LoadingCellViewModel.swift in Sources */,
				CE9B02F326BEBD11007A4928 /* Optional+Unwrap.swift in Sources */,
				CEA777A226C074D40003D821 /* Paginator.swift in Sources */,
				CEA7779326C06BA40003D821 /* LoadingCollectionViewCell.swift in Sources */,
				CE9B031D26BEEC1A007A4928 /* Endpoint.swift in Sources */,
				CE9B032D26BEF9F3007A4928 /* ImageRepository.swift in Sources */,
				CE9B031226BEE63F007A4928 /* ImagesRequestDTO.swift in Sources */,
				CE9B033E26BF3093007A4928 /* FetcherAssembly.swift in Sources */,
				CEA777A426C075940003D821 /* PaginatorState.swift in Sources */,
				CE9B030B26BECF9A007A4928 /* LikesViewController.swift in Sources */,
				CE9B032F26BF1098007A4928 /* ImageResponseDTO.swift in Sources */,
				CE9B033C26BF3029007A4928 /* NetworkAssembly.swift in Sources */,
				CE9B035526BF8140007A4928 /* DataSource.swift in Sources */,
				CE9B02F026BEBCE1007A4928 /* Coordinator.swift in Sources */,
				CEA777B026C09A610003D821 /* DataEngine.swift in Sources */,
				CE9B031F26BEED88007A4928 /* APIEndpoints.swift in Sources */,
				CE9B030426BEC96C007A4928 /* TabBarItem.swift in Sources */,
				CEA7779D26C06DBB0003D821 /* ListCellConfigurator.swift in Sources */,
				CE9B02FF26BEBE55007A4928 /* ApplicationCoordinator.swift in Sources */,
				CE9B032A26BEF414007A4928 /* DataService.swift in Sources */,
			);
			runOnlyForDeploymentPostprocessing = 0;
		};
/* End PBXSourcesBuildPhase section */

/* Begin PBXVariantGroup section */
		CE5E482226BE39DF00AB7FC9 /* LaunchScreen.storyboard */ = {
			isa = PBXVariantGroup;
			children = (
				CE5E482326BE39DF00AB7FC9 /* Base */,
			);
			name = LaunchScreen.storyboard;
			sourceTree = "<group>";
		};
/* End PBXVariantGroup section */

/* Begin XCBuildConfiguration section */
		CE5E482626BE39DF00AB7FC9 /* Debug */ = {
			isa = XCBuildConfiguration;
			buildSettings = {
				ALWAYS_SEARCH_USER_PATHS = NO;
				CLANG_ANALYZER_NONNULL = YES;
				CLANG_ANALYZER_NUMBER_OBJECT_CONVERSION = YES_AGGRESSIVE;
				CLANG_CXX_LANGUAGE_STANDARD = "gnu++14";
				CLANG_CXX_LIBRARY = "libc++";
				CLANG_ENABLE_MODULES = YES;
				CLANG_ENABLE_OBJC_ARC = YES;
				CLANG_ENABLE_OBJC_WEAK = YES;
				CLANG_WARN_BLOCK_CAPTURE_AUTORELEASING = YES;
				CLANG_WARN_BOOL_CONVERSION = YES;
				CLANG_WARN_COMMA = YES;
				CLANG_WARN_CONSTANT_CONVERSION = YES;
				CLANG_WARN_DEPRECATED_OBJC_IMPLEMENTATIONS = YES;
				CLANG_WARN_DIRECT_OBJC_ISA_USAGE = YES_ERROR;
				CLANG_WARN_DOCUMENTATION_COMMENTS = YES;
				CLANG_WARN_EMPTY_BODY = YES;
				CLANG_WARN_ENUM_CONVERSION = YES;
				CLANG_WARN_INFINITE_RECURSION = YES;
				CLANG_WARN_INT_CONVERSION = YES;
				CLANG_WARN_NON_LITERAL_NULL_CONVERSION = YES;
				CLANG_WARN_OBJC_IMPLICIT_RETAIN_SELF = YES;
				CLANG_WARN_OBJC_LITERAL_CONVERSION = YES;
				CLANG_WARN_OBJC_ROOT_CLASS = YES_ERROR;
				CLANG_WARN_QUOTED_INCLUDE_IN_FRAMEWORK_HEADER = YES;
				CLANG_WARN_RANGE_LOOP_ANALYSIS = YES;
				CLANG_WARN_STRICT_PROTOTYPES = YES;
				CLANG_WARN_SUSPICIOUS_MOVE = YES;
				CLANG_WARN_UNGUARDED_AVAILABILITY = YES_AGGRESSIVE;
				CLANG_WARN_UNREACHABLE_CODE = YES;
				CLANG_WARN__DUPLICATE_METHOD_MATCH = YES;
				COPY_PHASE_STRIP = NO;
				DEBUG_INFORMATION_FORMAT = dwarf;
				ENABLE_STRICT_OBJC_MSGSEND = YES;
				ENABLE_TESTABILITY = YES;
				GCC_C_LANGUAGE_STANDARD = gnu11;
				GCC_DYNAMIC_NO_PIC = NO;
				GCC_NO_COMMON_BLOCKS = YES;
				GCC_OPTIMIZATION_LEVEL = 0;
				GCC_PREPROCESSOR_DEFINITIONS = (
					"DEBUG=1",
					"$(inherited)",
				);
				GCC_WARN_64_TO_32_BIT_CONVERSION = YES;
				GCC_WARN_ABOUT_RETURN_TYPE = YES_ERROR;
				GCC_WARN_UNDECLARED_SELECTOR = YES;
				GCC_WARN_UNINITIALIZED_AUTOS = YES_AGGRESSIVE;
				GCC_WARN_UNUSED_FUNCTION = YES;
				GCC_WARN_UNUSED_VARIABLE = YES;
				IPHONEOS_DEPLOYMENT_TARGET = 14.5;
				MTL_ENABLE_DEBUG_INFO = INCLUDE_SOURCE;
				MTL_FAST_MATH = YES;
				ONLY_ACTIVE_ARCH = YES;
				SDKROOT = iphoneos;
				SWIFT_ACTIVE_COMPILATION_CONDITIONS = DEBUG;
				SWIFT_OPTIMIZATION_LEVEL = "-Onone";
			};
			name = Debug;
		};
		CE5E482726BE39DF00AB7FC9 /* Release */ = {
			isa = XCBuildConfiguration;
			buildSettings = {
				ALWAYS_SEARCH_USER_PATHS = NO;
				CLANG_ANALYZER_NONNULL = YES;
				CLANG_ANALYZER_NUMBER_OBJECT_CONVERSION = YES_AGGRESSIVE;
				CLANG_CXX_LANGUAGE_STANDARD = "gnu++14";
				CLANG_CXX_LIBRARY = "libc++";
				CLANG_ENABLE_MODULES = YES;
				CLANG_ENABLE_OBJC_ARC = YES;
				CLANG_ENABLE_OBJC_WEAK = YES;
				CLANG_WARN_BLOCK_CAPTURE_AUTORELEASING = YES;
				CLANG_WARN_BOOL_CONVERSION = YES;
				CLANG_WARN_COMMA = YES;
				CLANG_WARN_CONSTANT_CONVERSION = YES;
				CLANG_WARN_DEPRECATED_OBJC_IMPLEMENTATIONS = YES;
				CLANG_WARN_DIRECT_OBJC_ISA_USAGE = YES_ERROR;
				CLANG_WARN_DOCUMENTATION_COMMENTS = YES;
				CLANG_WARN_EMPTY_BODY = YES;
				CLANG_WARN_ENUM_CONVERSION = YES;
				CLANG_WARN_INFINITE_RECURSION = YES;
				CLANG_WARN_INT_CONVERSION = YES;
				CLANG_WARN_NON_LITERAL_NULL_CONVERSION = YES;
				CLANG_WARN_OBJC_IMPLICIT_RETAIN_SELF = YES;
				CLANG_WARN_OBJC_LITERAL_CONVERSION = YES;
				CLANG_WARN_OBJC_ROOT_CLASS = YES_ERROR;
				CLANG_WARN_QUOTED_INCLUDE_IN_FRAMEWORK_HEADER = YES;
				CLANG_WARN_RANGE_LOOP_ANALYSIS = YES;
				CLANG_WARN_STRICT_PROTOTYPES = YES;
				CLANG_WARN_SUSPICIOUS_MOVE = YES;
				CLANG_WARN_UNGUARDED_AVAILABILITY = YES_AGGRESSIVE;
				CLANG_WARN_UNREACHABLE_CODE = YES;
				CLANG_WARN__DUPLICATE_METHOD_MATCH = YES;
				COPY_PHASE_STRIP = NO;
				DEBUG_INFORMATION_FORMAT = "dwarf-with-dsym";
				ENABLE_NS_ASSERTIONS = NO;
				ENABLE_STRICT_OBJC_MSGSEND = YES;
				GCC_C_LANGUAGE_STANDARD = gnu11;
				GCC_NO_COMMON_BLOCKS = YES;
				GCC_WARN_64_TO_32_BIT_CONVERSION = YES;
				GCC_WARN_ABOUT_RETURN_TYPE = YES_ERROR;
				GCC_WARN_UNDECLARED_SELECTOR = YES;
				GCC_WARN_UNINITIALIZED_AUTOS = YES_AGGRESSIVE;
				GCC_WARN_UNUSED_FUNCTION = YES;
				GCC_WARN_UNUSED_VARIABLE = YES;
				IPHONEOS_DEPLOYMENT_TARGET = 14.5;
				MTL_ENABLE_DEBUG_INFO = NO;
				MTL_FAST_MATH = YES;
				SDKROOT = iphoneos;
				SWIFT_COMPILATION_MODE = wholemodule;
				SWIFT_OPTIMIZATION_LEVEL = "-O";
				VALIDATE_PRODUCT = YES;
			};
			name = Release;
		};
		CE5E482926BE39DF00AB7FC9 /* Debug */ = {
			isa = XCBuildConfiguration;
			buildSettings = {
				API_BASE_URL = "https://api.unsplash.com";
				ASSETCATALOG_COMPILER_APPICON_NAME = AppIcon;
				ASSETCATALOG_COMPILER_GLOBAL_ACCENT_COLOR_NAME = AccentColor;
				CLIENT_ID = QJmr3i1PslQ7mRiHACqzOkVouVBxv6lUxbRii8dW10g;
				CODE_SIGN_STYLE = Automatic;
				DEVELOPMENT_TEAM = 25N4CF38HK;
				INFOPLIST_FILE = "Sources/Supporting Files/Info.plist";
				LD_RUNPATH_SEARCH_PATHS = (
					"$(inherited)",
					"@executable_path/Frameworks",
				);
				PRODUCT_BUNDLE_IDENTIFIER = com.rauda.sv.imgapp;
				PRODUCT_NAME = "$(TARGET_NAME)";
				SWIFT_VERSION = 5.0;
				TARGETED_DEVICE_FAMILY = "1,2";
			};
			name = Debug;
		};
		CE5E482A26BE39DF00AB7FC9 /* Release */ = {
			isa = XCBuildConfiguration;
			buildSettings = {
				API_BASE_URL = "https://api.unsplash.com";
				ASSETCATALOG_COMPILER_APPICON_NAME = AppIcon;
				ASSETCATALOG_COMPILER_GLOBAL_ACCENT_COLOR_NAME = AccentColor;
				CLIENT_ID = QJmr3i1PslQ7mRiHACqzOkVouVBxv6lUxbRii8dW10g;
				CODE_SIGN_STYLE = Automatic;
				DEVELOPMENT_TEAM = 25N4CF38HK;
				INFOPLIST_FILE = "Sources/Supporting Files/Info.plist";
				LD_RUNPATH_SEARCH_PATHS = (
					"$(inherited)",
					"@executable_path/Frameworks",
				);
				PRODUCT_BUNDLE_IDENTIFIER = com.rauda.sv.imgapp;
				PRODUCT_NAME = "$(TARGET_NAME)";
				SWIFT_VERSION = 5.0;
				TARGETED_DEVICE_FAMILY = "1,2";
			};
			name = Release;
		};
/* End XCBuildConfiguration section */

/* Begin XCConfigurationList section */
		CE5E480F26BE39DE00AB7FC9 /* Build configuration list for PBXProject "imgapp" */ = {
			isa = XCConfigurationList;
			buildConfigurations = (
				CE5E482626BE39DF00AB7FC9 /* Debug */,
				CE5E482726BE39DF00AB7FC9 /* Release */,
			);
			defaultConfigurationIsVisible = 0;
			defaultConfigurationName = Release;
		};
		CE5E482826BE39DF00AB7FC9 /* Build configuration list for PBXNativeTarget "imgapp" */ = {
			isa = XCConfigurationList;
			buildConfigurations = (
				CE5E482926BE39DF00AB7FC9 /* Debug */,
				CE5E482A26BE39DF00AB7FC9 /* Release */,
			);
			defaultConfigurationIsVisible = 0;
			defaultConfigurationName = Release;
		};
/* End XCConfigurationList section */

/* Begin XCRemoteSwiftPackageReference section */
		CE9B02F426BEBD6A007A4928 /* XCRemoteSwiftPackageReference "Swinject" */ = {
			isa = XCRemoteSwiftPackageReference;
			repositoryURL = "https://github.com/Swinject/Swinject.git";
			requirement = {
				kind = upToNextMajorVersion;
				minimumVersion = 2.7.1;
			};
		};
		CE9B02F726BEBDBA007A4928 /* XCRemoteSwiftPackageReference "SwinjectAutoregistration" */ = {
			isa = XCRemoteSwiftPackageReference;
			repositoryURL = "https://github.com/Swinject/SwinjectAutoregistration.git";
			requirement = {
				kind = upToNextMajorVersion;
				minimumVersion = 2.7.0;
			};
		};
		CE9B032426BEF36B007A4928 /* XCRemoteSwiftPackageReference "RxSwift" */ = {
			isa = XCRemoteSwiftPackageReference;
			repositoryURL = "https://github.com/ReactiveX/RxSwift.git";
			requirement = {
				kind = upToNextMajorVersion;
				minimumVersion = 6.2.0;
			};
		};
		CEA7778A26C036B80003D821 /* XCRemoteSwiftPackageReference "Kingfisher" */ = {
			isa = XCRemoteSwiftPackageReference;
			repositoryURL = "https://github.com/onevcat/Kingfisher.git";
			requirement = {
				kind = upToNextMajorVersion;
				minimumVersion = 6.3.1;
			};
		};
/* End XCRemoteSwiftPackageReference section */

/* Begin XCSwiftPackageProductDependency section */
		CE9B02F526BEBD6A007A4928 /* Swinject */ = {
			isa = XCSwiftPackageProductDependency;
			package = CE9B02F426BEBD6A007A4928 /* XCRemoteSwiftPackageReference "Swinject" */;
			productName = Swinject;
		};
		CE9B02F826BEBDBA007A4928 /* SwinjectAutoregistration */ = {
			isa = XCSwiftPackageProductDependency;
			package = CE9B02F726BEBDBA007A4928 /* XCRemoteSwiftPackageReference "SwinjectAutoregistration" */;
			productName = SwinjectAutoregistration;
		};
		CE9B032526BEF36B007A4928 /* RxSwift */ = {
			isa = XCSwiftPackageProductDependency;
			package = CE9B032426BEF36B007A4928 /* XCRemoteSwiftPackageReference "RxSwift" */;
			productName = RxSwift;
		};
		CE9B032726BEF36B007A4928 /* RxCocoa */ = {
			isa = XCSwiftPackageProductDependency;
			package = CE9B032426BEF36B007A4928 /* XCRemoteSwiftPackageReference "RxSwift" */;
			productName = RxCocoa;
		};
		CEA7778B26C036B80003D821 /* Kingfisher */ = {
			isa = XCSwiftPackageProductDependency;
			package = CEA7778A26C036B80003D821 /* XCRemoteSwiftPackageReference "Kingfisher" */;
			productName = Kingfisher;
		};
/* End XCSwiftPackageProductDependency section */

/* Begin XCVersionGroup section */
		CEA777AC26C0981D0003D821 /* Images.xcdatamodeld */ = {
			isa = XCVersionGroup;
			children = (
				CEA777AD26C0981D0003D821 /* Images.xcdatamodel */,
			);
			currentVersion = CEA777AD26C0981D0003D821 /* Images.xcdatamodel */;
			path = Images.xcdatamodeld;
			sourceTree = "<group>";
			versionGroupType = wrapper.xcdatamodel;
		};
/* End XCVersionGroup section */
	};
	rootObject = CE5E480C26BE39DE00AB7FC9 /* Project object */;
}
